
Microsoft Visual Studio Solution File, Format Version 12.00
# Visual Studio Version 16
VisualStudioVersion = 16.0.29728.190
MinimumVisualStudioVersion = 10.0.40219.1
Project("{FAE04EC0-301F-11D3-BF4B-00C04F79EFBC}") = "ComplexCalculator", "ComplexCalculator\ComplexCalculator.csproj", "{BE149732-B1EA-442F-8060-E1C5BE4083CD}"
EndProject
Project("{FAE04EC0-301F-11D3-BF4B-00C04F79EFBC}") = "ComplexCalculator.Tests", "ComplexCalculator.Tests\ComplexCalculator.Tests.csproj", "{AC4B90AF-3230-473F-BC46-B976CCC26C00}"
EndProject
Global
	GlobalSection(SolutionConfigurationPlatforms) = preSolution
		Debug|Any CPU = Debug|Any CPU
		Release|Any CPU = Release|Any CPU
	EndGlobalSection
	GlobalSection(ProjectConfigurationPlatforms) = postSolution
		{BE149732-B1EA-442F-8060-E1C5BE4083CD}.Debug|Any CPU.ActiveCfg = Debug|Any CPU
		{BE149732-B1EA-442F-8060-E1C5BE4083CD}.Debug|Any CPU.Build.0 = Debug|Any CPU
		{BE149732-B1EA-442F-8060-E1C5BE4083CD}.Release|Any CPU.ActiveCfg = Release|Any CPU
		{BE149732-B1EA-442F-8060-E1C5BE4083CD}.Release|Any CPU.Build.0 = Release|Any CPU
		{AC4B90AF-3230-473F-BC46-B976CCC26C00}.Debug|Any CPU.ActiveCfg = Debug|Any CPU
		{AC4B90AF-3230-473F-BC46-B976CCC26C00}.Debug|Any CPU.Build.0 = Debug|Any CPU
		{AC4B90AF-3230-473F-BC46-B976CCC26C00}.Release|Any CPU.ActiveCfg = Release|Any CPU
		{AC4B90AF-3230-473F-BC46-B976CCC26C00}.Release|Any CPU.Build.0 = Release|Any CPU
	EndGlobalSection
	GlobalSection(SolutionProperties) = preSolution
		HideSolutionNode = FALSE
	EndGlobalSection
	GlobalSection(ExtensibilityGlobals) = postSolution
		SolutionGuid = {3023FED0-436A-4B38-8020-6046AE733CD3}
	EndGlobalSection
EndGlobal
